
Microsoft Visual Studio Solution File, Format Version 12.00
# Visual Studio Version 17
VisualStudioVersion = 17.0.31919.166
MinimumVisualStudioVersion = 10.0.40219.1
Project("{9A19103F-16F7-4668-BE54-9A1E7A4F7556}") = "CGALDotNet", "CGALDotNet\CGALDotNet.csproj", "{0E5F9C35-2768-4C7D-8592-E783BE3DCBE2}"
	ProjectSection(ProjectDependencies) = postProject
		{14E85AE8-4516-4FD7-A464-69F55CAB9E66} = {14E85AE8-4516-4FD7-A464-69F55CAB9E66}
	EndProjectSection
EndProject
Project("{9A19103F-16F7-4668-BE54-9A1E7A4F7556}") = "CGALDotNetConsole", "CGALDotNetConsole\CGALDotNetConsole.csproj", "{5B091F12-E9FC-4ADB-B8F0-D46A744E3B57}"
	ProjectSection(ProjectDependencies) = postProject
		{14E85AE8-4516-4FD7-A464-69F55CAB9E66} = {14E85AE8-4516-4FD7-A464-69F55CAB9E66}
	EndProjectSection
EndProject
Project("{8BC9CEB8-8B4A-11D0-8D11-00A0C91BC942}") = "CGALWrapper", "CGALWrapper\CGALWrapper.vcxproj", "{14E85AE8-4516-4FD7-A464-69F55CAB9E66}"
EndProject
Project("{2150E333-8FDC-42A3-9474-1A3956D46DE8}") = "Solution Items", "Solution Items", "{725A109E-7F75-4EDD-A2D9-E8D682B01896}"
	ProjectSection(SolutionItems) = preProject
		.editorconfig = .editorconfig
	EndProjectSection
EndProject
Project("{9A19103F-16F7-4668-BE54-9A1E7A4F7556}") = "CGALDotNetTest", "CGALDotNetTest\CGALDotNetTest.csproj", "{AA90E589-2EA3-4680-B24D-2C18194DD85E}"
EndProject
Global
	GlobalSection(SolutionConfigurationPlatforms) = preSolution
		Debug|Any CPU = Debug|Any CPU
		Debug|x64 = Debug|x64
		Debug|x86 = Debug|x86
		Release|Any CPU = Release|Any CPU
		Release|x64 = Release|x64
		Release|x86 = Release|x86
	EndGlobalSection
	GlobalSection(ProjectConfigurationPlatforms) = postSolution
		{0E5F9C35-2768-4C7D-8592-E783BE3DCBE2}.Debug|Any CPU.ActiveCfg = Debug|Any CPU
		{0E5F9C35-2768-4C7D-8592-E783BE3DCBE2}.Debug|Any CPU.Build.0 = Debug|Any CPU
		{0E5F9C35-2768-4C7D-8592-E783BE3DCBE2}.Debug|x64.ActiveCfg = Debug|Any CPU
		{0E5F9C35-2768-4C7D-8592-E783BE3DCBE2}.Debug|x64.Build.0 = Debug|Any CPU
		{0E5F9C35-2768-4C7D-8592-E783BE3DCBE2}.Debug|x86.ActiveCfg = Debug|Any CPU
		{0E5F9C35-2768-4C7D-8592-E783BE3DCBE2}.Debug|x86.Build.0 = Debug|Any CPU
		{0E5F9C35-2768-4C7D-8592-E783BE3DCBE2}.Release|Any CPU.ActiveCfg = Release|Any CPU
		{0E5F9C35-2768-4C7D-8592-E783BE3DCBE2}.Release|Any CPU.Build.0 = Release|Any CPU
		{0E5F9C35-2768-4C7D-8592-E783BE3DCBE2}.Release|x64.ActiveCfg = Release|Any CPU
		{0E5F9C35-2768-4C7D-8592-E783BE3DCBE2}.Release|x64.Build.0 = Release|Any CPU
		{0E5F9C35-2768-4C7D-8592-E783BE3DCBE2}.Release|x86.ActiveCfg = Release|Any CPU
		{0E5F9C35-2768-4C7D-8592-E783BE3DCBE2}.Release|x86.Build.0 = Release|Any CPU
		{5B091F12-E9FC-4ADB-B8F0-D46A744E3B57}.Debug|Any CPU.ActiveCfg = Debug|Any CPU
		{5B091F12-E9FC-4ADB-B8F0-D46A744E3B57}.Debug|Any CPU.Build.0 = Debug|Any CPU
		{5B091F12-E9FC-4ADB-B8F0-D46A744E3B57}.Debug|x64.ActiveCfg = Debug|Any CPU
		{5B091F12-E9FC-4ADB-B8F0-D46A744E3B57}.Debug|x64.Build.0 = Debug|Any CPU
		{5B091F12-E9FC-4ADB-B8F0-D46A744E3B57}.Debug|x86.ActiveCfg = Debug|Any CPU
		{5B091F12-E9FC-4ADB-B8F0-D46A744E3B57}.Debug|x86.Build.0 = Debug|Any CPU
		{5B091F12-E9FC-4ADB-B8F0-D46A744E3B57}.Release|Any CPU.ActiveCfg = Release|Any CPU
		{5B091F12-E9FC-4ADB-B8F0-D46A744E3B57}.Release|Any CPU.Build.0 = Release|Any CPU
		{5B091F12-E9FC-4ADB-B8F0-D46A744E3B57}.Release|x64.ActiveCfg = Release|Any CPU
		{5B091F12-E9FC-4ADB-B8F0-D46A744E3B57}.Release|x64.Build.0 = Release|Any CPU
		{5B091F12-E9FC-4ADB-B8F0-D46A744E3B57}.Release|x86.ActiveCfg = Release|Any CPU
		{5B091F12-E9FC-4ADB-B8F0-D46A744E3B57}.Release|x86.Build.0 = Release|Any CPU
		{14E85AE8-4516-4FD7-A464-69F55CAB9E66}.Debug|Any CPU.ActiveCfg = Debug|Win32
		{14E85AE8-4516-4FD7-A464-69F55CAB9E66}.Debug|x64.ActiveCfg = Debug|x64
		{14E85AE8-4516-4FD7-A464-69F55CAB9E66}.Debug|x64.Build.0 = Debug|x64
		{14E85AE8-4516-4FD7-A464-69F55CAB9E66}.Debug|x86.ActiveCfg = Debug|Win32
		{14E85AE8-4516-4FD7-A464-69F55CAB9E66}.Debug|x86.Build.0 = Debug|Win32
		{14E85AE8-4516-4FD7-A464-69F55CAB9E66}.Release|Any CPU.ActiveCfg = Release|Win32
		{14E85AE8-4516-4FD7-A464-69F55CAB9E66}.Release|x64.ActiveCfg = Release|x64
		{14E85AE8-4516-4FD7-A464-69F55CAB9E66}.Release|x64.Build.0 = Release|x64
		{14E85AE8-4516-4FD7-A464-69F55CAB9E66}.Release|x86.ActiveCfg = Release|Win32
		{14E85AE8-4516-4FD7-A464-69F55CAB9E66}.Release|x86.Build.0 = Release|Win32
		{AA90E589-2EA3-4680-B24D-2C18194DD85E}.Debug|Any CPU.ActiveCfg = Debug|Any CPU
		{AA90E589-2EA3-4680-B24D-2C18194DD85E}.Debug|Any CPU.Build.0 = Debug|Any CPU
		{AA90E589-2EA3-4680-B24D-2C18194DD85E}.Debug|x64.ActiveCfg = Debug|Any CPU
		{AA90E589-2EA3-4680-B24D-2C18194DD85E}.Debug|x64.Build.0 = Debug|Any CPU
		{AA90E589-2EA3-4680-B24D-2C18194DD85E}.Debug|x86.ActiveCfg = Debug|Any CPU
		{AA90E589-2EA3-4680-B24D-2C18194DD85E}.Debug|x86.Build.0 = Debug|Any CPU
		{AA90E589-2EA3-4680-B24D-2C18194DD85E}.Release|Any CPU.ActiveCfg = Release|Any CPU
		{AA90E589-2EA3-4680-B24D-2C18194DD85E}.Release|Any CPU.Build.0 = Release|Any CPU
		{AA90E589-2EA3-4680-B24D-2C18194DD85E}.Release|x64.ActiveCfg = Release|Any CPU
		{AA90E589-2EA3-4680-B24D-2C18194DD85E}.Release|x64.Build.0 = Release|Any CPU
		{AA90E589-2EA3-4680-B24D-2C18194DD85E}.Release|x86.ActiveCfg = Release|Any CPU
		{AA90E589-2EA3-4680-B24D-2C18194DD85E}.Release|x86.Build.0 = Release|Any CPU
	EndGlobalSection
	GlobalSection(SolutionProperties) = preSolution
		HideSolutionNode = FALSE
	EndGlobalSection
	GlobalSection(ExtensibilityGlobals) = postSolution
		SolutionGuid = {A7C5E29B-94D2-4C83-B2CE-D61B5D0A7B69}
	EndGlobalSection
EndGlobal
